
Microsoft Visual Studio Solution File, Format Version 12.00
# Visual Studio Version 17
VisualStudioVersion = 17.0.31903.59
MinimumVisualStudioVersion = 10.0.40219.1
Project("{2150E333-8FDC-42A3-9474-1A3956D46DE8}") = "src", "src", "{EA984F8D-A57A-43ED-AE10-22B09ABA7199}"
EndProject
Project("{FAE04EC0-301F-11D3-BF4B-00C04F79EFBC}") = "core", "src\orcazap.core\core.csproj", "{ACFFD775-2695-447C-9CAB-0EF4307F96F7}"
EndProject
Project("{FAE04EC0-301F-11D3-BF4B-00C04F79EFBC}") = "user.criar", "src\orcazap.user.criar\user.criar.csproj", "{01B4C89F-2D48-42C7-8B54-42CB7E981834}"
EndProject
Project("{FAE04EC0-301F-11D3-BF4B-00C04F79EFBC}") = "user.login", "src\orcazap.user.login\user.login.csproj", "{79E6CED8-FF86-4CBC-A6CB-FBABC362DC59}"
EndProject
Project("{FAE04EC0-301F-11D3-BF4B-00C04F79EFBC}") = "user.listar", "src\orcazap.user.listar\user.listar.csproj", "{6E69C715-AFA1-4797-9E5C-4FECE51995AC}"
EndProject
Project("{FAE04EC0-301F-11D3-BF4B-00C04F79EFBC}") = "user.consultar", "src\orcazap.user.consultar\user.consultar.csproj", "{315A346D-50A7-426D-8D2D-51BDFB9CE046}"
EndProject
Project("{FAE04EC0-301F-11D3-BF4B-00C04F79EFBC}") = "customer.criar", "src\orcazap.customer.criar\customer.criar.csproj", "{079F1123-847C-4B1F-B699-52D071198D30}"
EndProject
Project("{FAE04EC0-301F-11D3-BF4B-00C04F79EFBC}") = "customer.listar", "src\orcazap.customer.listar\customer.listar.csproj", "{9CA7E164-39B8-4114-B03C-EC971D2FF4D8}"
EndProject
Project("{FAE04EC0-301F-11D3-BF4B-00C04F79EFBC}") = "customer.consultar", "src\orcazap.customer.consultar\customer.consultar.csproj", "{64418859-3D79-4F5E-8B89-E3514D125E24}"
EndProject
Project("{FAE04EC0-301F-11D3-BF4B-00C04F79EFBC}") = "customer.atualizar", "src\orcazap.customer.atualizar\customer.atualizar.csproj", "{4F02B87C-355B-4EE0-BCE8-B4107B9BC955}"
EndProject
Project("{FAE04EC0-301F-11D3-BF4B-00C04F79EFBC}") = "customer.remover", "src\orcazap.customer.remover\customer.remover.csproj", "{FC4DF7B4-29CC-4363-AD33-87833CE26ABA}"
EndProject
Project("{FAE04EC0-301F-11D3-BF4B-00C04F79EFBC}") = "service.criar", "src\orcazap.service.criar\service.criar.csproj", "{B0B864A4-3174-41FF-A113-6680673A9791}"
EndProject
Project("{FAE04EC0-301F-11D3-BF4B-00C04F79EFBC}") = "service.listar", "src\orcazap.service.listar\service.listar.csproj", "{BDB3BC56-700E-48D2-8153-13FCAF977E69}"
EndProject
Project("{FAE04EC0-301F-11D3-BF4B-00C04F79EFBC}") = "service.consultar", "src\orcazap.service.consultar\service.consultar.csproj", "{AFDC6719-A492-4CD6-8C26-2206193E822E}"
EndProject
Project("{FAE04EC0-301F-11D3-BF4B-00C04F79EFBC}") = "service.atualizar", "src\orcazap.service.atualizar\service.atualizar.csproj", "{73084D1D-5305-44F2-AD67-5D2B448582A9}"
EndProject
Project("{FAE04EC0-301F-11D3-BF4B-00C04F79EFBC}") = "service.remover", "src\orcazap.service.remover\service.remover.csproj", "{461CC96A-A0C7-499B-8255-FCD3264B6F96}"
EndProject
Project("{FAE04EC0-301F-11D3-BF4B-00C04F79EFBC}") = "quote.criar", "src\orcazap.quote.criar\quote.criar.csproj", "{B6F9753B-1B29-461E-A769-95438D19EADA}"
EndProject
Project("{FAE04EC0-301F-11D3-BF4B-00C04F79EFBC}") = "quote.listar", "src\orcazap.quote.listar\quote.listar.csproj", "{37D9CABE-3246-4299-8B9B-B8C271023261}"
EndProject
Project("{FAE04EC0-301F-11D3-BF4B-00C04F79EFBC}") = "quote.consultar", "src\orcazap.quote.consultar\quote.consultar.csproj", "{757E8A06-6AC4-4642-AF04-1B0368D2F86D}"
EndProject
Project("{FAE04EC0-301F-11D3-BF4B-00C04F79EFBC}") = "quote.atualizar.status", "src\orcazap.quote.atualizar.status\quote.atualizar.status.csproj", "{F4DD244E-C474-433A-815E-4BD7E883AF0F}"
EndProject
Project("{FAE04EC0-301F-11D3-BF4B-00C04F79EFBC}") = "quote.remover", "src\orcazap.quote.remover\quote.remover.csproj", "{36123F82-D7E8-4C44-A0C5-A276C2DD1F78}"
EndProject
Project("{FAE04EC0-301F-11D3-BF4B-00C04F79EFBC}") = "quote.whatsapp.link", "src\orcazap.quote.whatsapp.link\quote.whatsapp.link.csproj", "{07519CE6-2B3C-4913-ABF7-E986C7F90DB2}"
EndProject
Project("{2150E333-8FDC-42A3-9474-1A3956D46DE8}") = "test", "test", "{96A04C9C-B9F1-4574-BEEB-EBA14E6DBD1D}"
EndProject
Project("{FAE04EC0-301F-11D3-BF4B-00C04F79EFBC}") = "orcazap.tests", "test\orcazap.tests\orcazap.tests.csproj", "{CB5EA8D0-F561-41D4-B591-4ADBE4E8828C}"
EndProject
Project("{FAE04EC0-301F-11D3-BF4B-00C04F79EFBC}") = "orcazap.local.host", "src\orcazap.local.host\orcazap.local.host.csproj", "{2C6210AC-F0AB-49E2-BF42-7BC432535FD8}"
EndProject
Global
	GlobalSection(SolutionConfigurationPlatforms) = preSolution
		Debug|Any CPU = Debug|Any CPU
		Release|Any CPU = Release|Any CPU
	EndGlobalSection
	GlobalSection(SolutionProperties) = preSolution
		HideSolutionNode = FALSE
	EndGlobalSection
	GlobalSection(ProjectConfigurationPlatforms) = postSolution
		{ACFFD775-2695-447C-9CAB-0EF4307F96F7}.Debug|Any CPU.ActiveCfg = Debug|Any CPU
		{ACFFD775-2695-447C-9CAB-0EF4307F96F7}.Debug|Any CPU.Build.0 = Debug|Any CPU
		{ACFFD775-2695-447C-9CAB-0EF4307F96F7}.Release|Any CPU.ActiveCfg = Release|Any CPU
		{ACFFD775-2695-447C-9CAB-0EF4307F96F7}.Release|Any CPU.Build.0 = Release|Any CPU
		{01B4C89F-2D48-42C7-8B54-42CB7E981834}.Debug|Any CPU.ActiveCfg = Debug|Any CPU
		{01B4C89F-2D48-42C7-8B54-42CB7E981834}.Debug|Any CPU.Build.0 = Debug|Any CPU
		{01B4C89F-2D48-42C7-8B54-42CB7E981834}.Release|Any CPU.ActiveCfg = Release|Any CPU
		{01B4C89F-2D48-42C7-8B54-42CB7E981834}.Release|Any CPU.Build.0 = Release|Any CPU
		{79E6CED8-FF86-4CBC-A6CB-FBABC362DC59}.Debug|Any CPU.ActiveCfg = Debug|Any CPU
		{79E6CED8-FF86-4CBC-A6CB-FBABC362DC59}.Debug|Any CPU.Build.0 = Debug|Any CPU
		{79E6CED8-FF86-4CBC-A6CB-FBABC362DC59}.Release|Any CPU.ActiveCfg = Release|Any CPU
		{79E6CED8-FF86-4CBC-A6CB-FBABC362DC59}.Release|Any CPU.Build.0 = Release|Any CPU
		{6E69C715-AFA1-4797-9E5C-4FECE51995AC}.Debug|Any CPU.ActiveCfg = Debug|Any CPU
		{6E69C715-AFA1-4797-9E5C-4FECE51995AC}.Debug|Any CPU.Build.0 = Debug|Any CPU
		{6E69C715-AFA1-4797-9E5C-4FECE51995AC}.Release|Any CPU.ActiveCfg = Release|Any CPU
		{6E69C715-AFA1-4797-9E5C-4FECE51995AC}.Release|Any CPU.Build.0 = Release|Any CPU
		{315A346D-50A7-426D-8D2D-51BDFB9CE046}.Debug|Any CPU.ActiveCfg = Debug|Any CPU
		{315A346D-50A7-426D-8D2D-51BDFB9CE046}.Debug|Any CPU.Build.0 = Debug|Any CPU
		{315A346D-50A7-426D-8D2D-51BDFB9CE046}.Release|Any CPU.ActiveCfg = Release|Any CPU
		{315A346D-50A7-426D-8D2D-51BDFB9CE046}.Release|Any CPU.Build.0 = Release|Any CPU
		{079F1123-847C-4B1F-B699-52D071198D30}.Debug|Any CPU.ActiveCfg = Debug|Any CPU
		{079F1123-847C-4B1F-B699-52D071198D30}.Debug|Any CPU.Build.0 = Debug|Any CPU
		{079F1123-847C-4B1F-B699-52D071198D30}.Release|Any CPU.ActiveCfg = Release|Any CPU
		{079F1123-847C-4B1F-B699-52D071198D30}.Release|Any CPU.Build.0 = Release|Any CPU
		{9CA7E164-39B8-4114-B03C-EC971D2FF4D8}.Debug|Any CPU.ActiveCfg = Debug|Any CPU
		{9CA7E164-39B8-4114-B03C-EC971D2FF4D8}.Debug|Any CPU.Build.0 = Debug|Any CPU
		{9CA7E164-39B8-4114-B03C-EC971D2FF4D8}.Release|Any CPU.ActiveCfg = Release|Any CPU
		{9CA7E164-39B8-4114-B03C-EC971D2FF4D8}.Release|Any CPU.Build.0 = Release|Any CPU
		{64418859-3D79-4F5E-8B89-E3514D125E24}.Debug|Any CPU.ActiveCfg = Debug|Any CPU
		{64418859-3D79-4F5E-8B89-E3514D125E24}.Debug|Any CPU.Build.0 = Debug|Any CPU
		{64418859-3D79-4F5E-8B89-E3514D125E24}.Release|Any CPU.ActiveCfg = Release|Any CPU
		{64418859-3D79-4F5E-8B89-E3514D125E24}.Release|Any CPU.Build.0 = Release|Any CPU
		{4F02B87C-355B-4EE0-BCE8-B4107B9BC955}.Debug|Any CPU.ActiveCfg = Debug|Any CPU
		{4F02B87C-355B-4EE0-BCE8-B4107B9BC955}.Debug|Any CPU.Build.0 = Debug|Any CPU
		{4F02B87C-355B-4EE0-BCE8-B4107B9BC955}.Release|Any CPU.ActiveCfg = Release|Any CPU
		{4F02B87C-355B-4EE0-BCE8-B4107B9BC955}.Release|Any CPU.Build.0 = Release|Any CPU
		{FC4DF7B4-29CC-4363-AD33-87833CE26ABA}.Debug|Any CPU.ActiveCfg = Debug|Any CPU
		{FC4DF7B4-29CC-4363-AD33-87833CE26ABA}.Debug|Any CPU.Build.0 = Debug|Any CPU
		{FC4DF7B4-29CC-4363-AD33-87833CE26ABA}.Release|Any CPU.ActiveCfg = Release|Any CPU
		{FC4DF7B4-29CC-4363-AD33-87833CE26ABA}.Release|Any CPU.Build.0 = Release|Any CPU
		{B0B864A4-3174-41FF-A113-6680673A9791}.Debug|Any CPU.ActiveCfg = Debug|Any CPU
		{B0B864A4-3174-41FF-A113-6680673A9791}.Debug|Any CPU.Build.0 = Debug|Any CPU
		{B0B864A4-3174-41FF-A113-6680673A9791}.Release|Any CPU.ActiveCfg = Release|Any CPU
		{B0B864A4-3174-41FF-A113-6680673A9791}.Release|Any CPU.Build.0 = Release|Any CPU
		{BDB3BC56-700E-48D2-8153-13FCAF977E69}.Debug|Any CPU.ActiveCfg = Debug|Any CPU
		{BDB3BC56-700E-48D2-8153-13FCAF977E69}.Debug|Any CPU.Build.0 = Debug|Any CPU
		{BDB3BC56-700E-48D2-8153-13FCAF977E69}.Release|Any CPU.ActiveCfg = Release|Any CPU
		{BDB3BC56-700E-48D2-8153-13FCAF977E69}.Release|Any CPU.Build.0 = Release|Any CPU
		{AFDC6719-A492-4CD6-8C26-2206193E822E}.Debug|Any CPU.ActiveCfg = Debug|Any CPU
		{AFDC6719-A492-4CD6-8C26-2206193E822E}.Debug|Any CPU.Build.0 = Debug|Any CPU
		{AFDC6719-A492-4CD6-8C26-2206193E822E}.Release|Any CPU.ActiveCfg = Release|Any CPU
		{AFDC6719-A492-4CD6-8C26-2206193E822E}.Release|Any CPU.Build.0 = Release|Any CPU
		{73084D1D-5305-44F2-AD67-5D2B448582A9}.Debug|Any CPU.ActiveCfg = Debug|Any CPU
		{73084D1D-5305-44F2-AD67-5D2B448582A9}.Debug|Any CPU.Build.0 = Debug|Any CPU
		{73084D1D-5305-44F2-AD67-5D2B448582A9}.Release|Any CPU.ActiveCfg = Release|Any CPU
		{73084D1D-5305-44F2-AD67-5D2B448582A9}.Release|Any CPU.Build.0 = Release|Any CPU
		{461CC96A-A0C7-499B-8255-FCD3264B6F96}.Debug|Any CPU.ActiveCfg = Debug|Any CPU
		{461CC96A-A0C7-499B-8255-FCD3264B6F96}.Debug|Any CPU.Build.0 = Debug|Any CPU
		{461CC96A-A0C7-499B-8255-FCD3264B6F96}.Release|Any CPU.ActiveCfg = Release|Any CPU
		{461CC96A-A0C7-499B-8255-FCD3264B6F96}.Release|Any CPU.Build.0 = Release|Any CPU
		{B6F9753B-1B29-461E-A769-95438D19EADA}.Debug|Any CPU.ActiveCfg = Debug|Any CPU
		{B6F9753B-1B29-461E-A769-95438D19EADA}.Debug|Any CPU.Build.0 = Debug|Any CPU
		{B6F9753B-1B29-461E-A769-95438D19EADA}.Release|Any CPU.ActiveCfg = Release|Any CPU
		{B6F9753B-1B29-461E-A769-95438D19EADA}.Release|Any CPU.Build.0 = Release|Any CPU
		{37D9CABE-3246-4299-8B9B-B8C271023261}.Debug|Any CPU.ActiveCfg = Debug|Any CPU
		{37D9CABE-3246-4299-8B9B-B8C271023261}.Debug|Any CPU.Build.0 = Debug|Any CPU
		{37D9CABE-3246-4299-8B9B-B8C271023261}.Release|Any CPU.ActiveCfg = Release|Any CPU
		{37D9CABE-3246-4299-8B9B-B8C271023261}.Release|Any CPU.Build.0 = Release|Any CPU
		{757E8A06-6AC4-4642-AF04-1B0368D2F86D}.Debug|Any CPU.ActiveCfg = Debug|Any CPU
		{757E8A06-6AC4-4642-AF04-1B0368D2F86D}.Debug|Any CPU.Build.0 = Debug|Any CPU
		{757E8A06-6AC4-4642-AF04-1B0368D2F86D}.Release|Any CPU.ActiveCfg = Release|Any CPU
		{757E8A06-6AC4-4642-AF04-1B0368D2F86D}.Release|Any CPU.Build.0 = Release|Any CPU
		{F4DD244E-C474-433A-815E-4BD7E883AF0F}.Debug|Any CPU.ActiveCfg = Debug|Any CPU
		{F4DD244E-C474-433A-815E-4BD7E883AF0F}.Debug|Any CPU.Build.0 = Debug|Any CPU
		{F4DD244E-C474-433A-815E-4BD7E883AF0F}.Release|Any CPU.ActiveCfg = Release|Any CPU
		{F4DD244E-C474-433A-815E-4BD7E883AF0F}.Release|Any CPU.Build.0 = Release|Any CPU
		{36123F82-D7E8-4C44-A0C5-A276C2DD1F78}.Debug|Any CPU.ActiveCfg = Debug|Any CPU
		{36123F82-D7E8-4C44-A0C5-A276C2DD1F78}.Debug|Any CPU.Build.0 = Debug|Any CPU
		{36123F82-D7E8-4C44-A0C5-A276C2DD1F78}.Release|Any CPU.ActiveCfg = Release|Any CPU
		{36123F82-D7E8-4C44-A0C5-A276C2DD1F78}.Release|Any CPU.Build.0 = Release|Any CPU
		{07519CE6-2B3C-4913-ABF7-E986C7F90DB2}.Debug|Any CPU.ActiveCfg = Debug|Any CPU
		{07519CE6-2B3C-4913-ABF7-E986C7F90DB2}.Debug|Any CPU.Build.0 = Debug|Any CPU
		{07519CE6-2B3C-4913-ABF7-E986C7F90DB2}.Release|Any CPU.ActiveCfg = Release|Any CPU
		{07519CE6-2B3C-4913-ABF7-E986C7F90DB2}.Release|Any CPU.Build.0 = Release|Any CPU
		{CB5EA8D0-F561-41D4-B591-4ADBE4E8828C}.Debug|Any CPU.ActiveCfg = Debug|Any CPU
		{CB5EA8D0-F561-41D4-B591-4ADBE4E8828C}.Debug|Any CPU.Build.0 = Debug|Any CPU
		{CB5EA8D0-F561-41D4-B591-4ADBE4E8828C}.Release|Any CPU.ActiveCfg = Release|Any CPU
		{CB5EA8D0-F561-41D4-B591-4ADBE4E8828C}.Release|Any CPU.Build.0 = Release|Any CPU
		{2C6210AC-F0AB-49E2-BF42-7BC432535FD8}.Debug|Any CPU.ActiveCfg = Debug|Any CPU
		{2C6210AC-F0AB-49E2-BF42-7BC432535FD8}.Debug|Any CPU.Build.0 = Debug|Any CPU
		{2C6210AC-F0AB-49E2-BF42-7BC432535FD8}.Release|Any CPU.ActiveCfg = Release|Any CPU
		{2C6210AC-F0AB-49E2-BF42-7BC432535FD8}.Release|Any CPU.Build.0 = Release|Any CPU
	EndGlobalSection
	GlobalSection(NestedProjects) = preSolution
		{ACFFD775-2695-447C-9CAB-0EF4307F96F7} = {EA984F8D-A57A-43ED-AE10-22B09ABA7199}
		{01B4C89F-2D48-42C7-8B54-42CB7E981834} = {EA984F8D-A57A-43ED-AE10-22B09ABA7199}
		{79E6CED8-FF86-4CBC-A6CB-FBABC362DC59} = {EA984F8D-A57A-43ED-AE10-22B09ABA7199}
		{6E69C715-AFA1-4797-9E5C-4FECE51995AC} = {EA984F8D-A57A-43ED-AE10-22B09ABA7199}
		{315A346D-50A7-426D-8D2D-51BDFB9CE046} = {EA984F8D-A57A-43ED-AE10-22B09ABA7199}
		{079F1123-847C-4B1F-B699-52D071198D30} = {EA984F8D-A57A-43ED-AE10-22B09ABA7199}
		{9CA7E164-39B8-4114-B03C-EC971D2FF4D8} = {EA984F8D-A57A-43ED-AE10-22B09ABA7199}
		{64418859-3D79-4F5E-8B89-E3514D125E24} = {EA984F8D-A57A-43ED-AE10-22B09ABA7199}
		{4F02B87C-355B-4EE0-BCE8-B4107B9BC955} = {EA984F8D-A57A-43ED-AE10-22B09ABA7199}
		{FC4DF7B4-29CC-4363-AD33-87833CE26ABA} = {EA984F8D-A57A-43ED-AE10-22B09ABA7199}
		{B0B864A4-3174-41FF-A113-6680673A9791} = {EA984F8D-A57A-43ED-AE10-22B09ABA7199}
		{BDB3BC56-700E-48D2-8153-13FCAF977E69} = {EA984F8D-A57A-43ED-AE10-22B09ABA7199}
		{AFDC6719-A492-4CD6-8C26-2206193E822E} = {EA984F8D-A57A-43ED-AE10-22B09ABA7199}
		{73084D1D-5305-44F2-AD67-5D2B448582A9} = {EA984F8D-A57A-43ED-AE10-22B09ABA7199}
		{461CC96A-A0C7-499B-8255-FCD3264B6F96} = {EA984F8D-A57A-43ED-AE10-22B09ABA7199}
		{B6F9753B-1B29-461E-A769-95438D19EADA} = {EA984F8D-A57A-43ED-AE10-22B09ABA7199}
		{37D9CABE-3246-4299-8B9B-B8C271023261} = {EA984F8D-A57A-43ED-AE10-22B09ABA7199}
		{757E8A06-6AC4-4642-AF04-1B0368D2F86D} = {EA984F8D-A57A-43ED-AE10-22B09ABA7199}
		{F4DD244E-C474-433A-815E-4BD7E883AF0F} = {EA984F8D-A57A-43ED-AE10-22B09ABA7199}
		{36123F82-D7E8-4C44-A0C5-A276C2DD1F78} = {EA984F8D-A57A-43ED-AE10-22B09ABA7199}
		{07519CE6-2B3C-4913-ABF7-E986C7F90DB2} = {EA984F8D-A57A-43ED-AE10-22B09ABA7199}
		{CB5EA8D0-F561-41D4-B591-4ADBE4E8828C} = {96A04C9C-B9F1-4574-BEEB-EBA14E6DBD1D}
		{2C6210AC-F0AB-49E2-BF42-7BC432535FD8} = {EA984F8D-A57A-43ED-AE10-22B09ABA7199}
	EndGlobalSection
EndGlobal
